{
  "name": "nodeconfla",
  "version": "1.0.0",
  "lockfileVersion": 1,
  "requires": true,
  "dependencies": {
    "chrome-native-messaging": {
      "version": "0.2.0",
      "resolved": "https://registry.npmjs.org/chrome-native-messaging/-/chrome-native-messaging-0.2.0.tgz",
      "integrity": "sha1-wULN5SS9GxhU4U9X4HijlqbaOCY="
    },
    "dom-parser": {
      "version": "0.1.6",
      "resolved": "https://registry.npmjs.org/dom-parser/-/dom-parser-0.1.6.tgz",
      "integrity": "sha512-3nVRKbLEwmGfghLoeT1dxlK/0votalnOfasP+8VCHYDfDuCETY4LeMblfOeqww6XZk2ymZ1Uewy/hVad6Dy3yw=="
    },
    "fast-xml-parser": {
      "version": "3.12.19",
      "resolved": "https://registry.npmjs.org/fast-xml-parser/-/fast-xml-parser-3.12.19.tgz",
      "integrity": "sha512-DB93FtI9FCn4DDxjDSFW91vdAo+Y1La6jNDRxKCO3F4WxyodeHtXo/HwWum/Qy/XunTdXEAdwiSVYAFvHeJOIw==",
      "requires": {
        "nimnjs": "1.3.2"
      }
    },
    "fontoxpath": {
      "version": "3.6.2",
      "resolved": "https://registry.npmjs.org/fontoxpath/-/fontoxpath-3.6.2.tgz",
      "integrity": "sha512-1m3ebB0bdKFhS7UUawTsz8D74L9U096SBUyXo5oHobNifQwcEeHxteV0Q5VYrZyNZn4xZ10FHCkDOUuIDrwI/w=="
    },
    "lodash": {
      "version": "4.17.15",
      "resolved": "https://registry.npmjs.org/lodash/-/lodash-4.17.15.tgz",
      "integrity": "sha512-8xOcRHvCjnocdS5cpwXQXVzmmh5e5+saE2QGoeQmbKmRS6J3VQppPOIt0MnmE+4xlZoumy0GPG0D0MVIQbNA1A=="
    },
    "nimn-date-parser": {
      "version": "1.0.0",
      "resolved": "https://registry.npmjs.org/nimn-date-parser/-/nimn-date-parser-1.0.0.tgz",
      "integrity": "sha512-1Nf+x3EeMvHUiHsVuEhiZnwA8RMeOBVTQWfB1S2n9+i6PYCofHd2HRMD+WOHIHYshy4T4Gk8wQoCol7Hq3av8Q=="
    },
    "nimn_schema_builder": {
      "version": "1.1.0",
      "resolved": "https://registry.npmjs.org/nimn_schema_builder/-/nimn_schema_builder-1.1.0.tgz",
      "integrity": "sha512-DK5/B8CM4qwzG2URy130avcwPev4uO0ev836FbQyKo1ms6I9z/i6EJyiZ+d9xtgloxUri0W+5gfR8YbPq7SheA=="
    },
    "nimnjs": {
      "version": "1.3.2",
      "resolved": "https://registry.npmjs.org/nimnjs/-/nimnjs-1.3.2.tgz",
      "integrity": "sha512-TIOtI4iqkQrUM1tiM76AtTQem0c7e56SkDZ7sj1d1MfUsqRcq2ZWQvej/O+HBTZV7u/VKnwlKTDugK/75IRPPw==",
      "requires": {
        "nimn-date-parser": "1.0.0",
        "nimn_schema_builder": "1.1.0"
      }
    },
    "sax": {
      "version": "1.2.4",
      "resolved": "https://registry.npmjs.org/sax/-/sax-1.2.4.tgz",
      "integrity": "sha512-NqVDv9TpANUjFm0N8uM5GxL36UgKi9/atZw+x7YFnQ8ckwFGKrl4xX4yWtrey3UJm5nP1kUbnYgLopqWNSRhWw=="
    },
    "slimdom": {
      "version": "2.3.1",
      "resolved": "https://registry.npmjs.org/slimdom/-/slimdom-2.3.1.tgz",
      "integrity": "sha512-mrL386L0nOsl3m/7TseJK+l3uwnGBkpte3giS+ETF0mfr3VDDp2l2iaW4Uj459/0i3amc7p3F0squ0NlucDuJA=="
    },
    "wgxpath": {
      "version": "1.2.0",
      "resolved": "https://registry.npmjs.org/wgxpath/-/wgxpath-1.2.0.tgz",
      "integrity": "sha1-oz5OD4bmjgdNldUKblM9ZJOPQyo="
    },
    "xml2js": {
      "version": "0.4.19",
      "resolved": "https://registry.npmjs.org/xml2js/-/xml2js-0.4.19.tgz",
      "integrity": "sha512-esZnJZJOiJR9wWKMyuvSE1y6Dq5LCuJanqhxslH2bxM6duahNZ+HMpCLhBQGZkbX6xRf8x1Y2eJlgt2q3qo49Q==",
      "requires": {
        "sax": "1.2.4",
        "xmlbuilder": "9.0.7"
      }
    },
    "xml2js-xpath": {
      "version": "0.10.0",
      "resolved": "https://registry.npmjs.org/xml2js-xpath/-/xml2js-xpath-0.10.0.tgz",
      "integrity": "sha512-OeLkha+sjw/79ObqQLp352NHy9BKYwMLWWq71nj9dGoFAj755CDc/w/4ZNMSwK18L4gnQO+YW6guWsdDjpMdhA==",
      "requires": {
        "lodash": "4.17.15"
      }
    },
    "xmlbuilder": {
      "version": "9.0.7",
      "resolved": "https://registry.npmjs.org/xmlbuilder/-/xmlbuilder-9.0.7.tgz",
      "integrity": "sha1-Ey7mPS7FVlxVfiD0wi35rKaGsQ0="
    },
    "xmlhttprequest": {
      "version": "1.8.0",
      "resolved": "https://registry.npmjs.org/xmlhttprequest/-/xmlhttprequest-1.8.0.tgz",
      "integrity": "sha1-Z/4HXFwk/vOfnWX197f+dRcZaPw="
    }
  }
}
